
Microsoft Visual Studio Solution File, Format Version 12.00
# Visual Studio Version 16
VisualStudioVersion = 16.0.30204.135
MinimumVisualStudioVersion = 10.0.40219.1
Project("{888888A0-9F3D-457C-B088-3A5042F75D52}") = "TicketAssignment", "TicketAssignment\TicketAssignment.pyproj", "{39EE47F0-827E-473E-A5D6-CC310A152B15}"
EndProject
Global
	GlobalSection(SolutionConfigurationPlatforms) = preSolution
		Debug|Any CPU = Debug|Any CPU
		Release|Any CPU = Release|Any CPU
	EndGlobalSection
	GlobalSection(ProjectConfigurationPlatforms) = postSolution
		{39EE47F0-827E-473E-A5D6-CC310A152B15}.Debug|Any CPU.ActiveCfg = Debug|Any CPU
		{39EE47F0-827E-473E-A5D6-CC310A152B15}.Debug|Any CPU.Build.0 = Debug|Any CPU
		{39EE47F0-827E-473E-A5D6-CC310A152B15}.Release|Any CPU.ActiveCfg = Release|Any CPU
		{39EE47F0-827E-473E-A5D6-CC310A152B15}.Release|Any CPU.Build.0 = Release|Any CPU
	EndGlobalSection
	GlobalSection(SolutionProperties) = preSolution
		HideSolutionNode = FALSE
	EndGlobalSection
	GlobalSection(ExtensibilityGlobals) = postSolution
		SolutionGuid = {3D714E23-DCF1-4751-BC51-44FB75EDC331}
	EndGlobalSection
EndGlobal
